
Microsoft Visual Studio Solution File, Format Version 12.00
# Visual Studio Version 17
VisualStudioVersion = 17.4.33213.308
MinimumVisualStudioVersion = 10.0.40219.1
Project("{FAE04EC0-301F-11D3-BF4B-00C04F79EFBC}") = "RazorApplicationFA", "RazorApplicationFA\RazorApplicationFA.csproj", "{ECFFEA9E-C421-46EA-A2B4-4E0B458C1B45}"
EndProject
Global
	GlobalSection(SolutionConfigurationPlatforms) = preSolution
		Debug|Any CPU = Debug|Any CPU
		Release|Any CPU = Release|Any CPU
	EndGlobalSection
	GlobalSection(ProjectConfigurationPlatforms) = postSolution
		{ECFFEA9E-C421-46EA-A2B4-4E0B458C1B45}.Debug|Any CPU.ActiveCfg = Debug|Any CPU
		{ECFFEA9E-C421-46EA-A2B4-4E0B458C1B45}.Debug|Any CPU.Build.0 = Debug|Any CPU
		{ECFFEA9E-C421-46EA-A2B4-4E0B458C1B45}.Release|Any CPU.ActiveCfg = Release|Any CPU
		{ECFFEA9E-C421-46EA-A2B4-4E0B458C1B45}.Release|Any CPU.Build.0 = Release|Any CPU
	EndGlobalSection
	GlobalSection(SolutionProperties) = preSolution
		HideSolutionNode = FALSE
	EndGlobalSection
	GlobalSection(ExtensibilityGlobals) = postSolution
		SolutionGuid = {0450D525-1395-4276-B4B8-7252585214B2}
	EndGlobalSection
EndGlobal
